
Microsoft Visual Studio Solution File, Format Version 12.00
# Visual Studio 15
VisualStudioVersion = 15.0.27703.2035
MinimumVisualStudioVersion = 10.0.40219.1
Project("{FAE04EC0-301F-11D3-BF4B-00C04F79EFBC}") = "App.Web", "Risk\App.Web.csproj", "{AEBEBD7C-5C3A-4578-A5D3-A1A58313D6DA}"
EndProject
Project("{9A19103F-16F7-4668-BE54-9A1E7A4F7556}") = "App.Core", "Risk.Core\App.Core.csproj", "{9E439DB5-0474-4EA1-93F2-ADD10B3B83F5}"
EndProject
Project("{FAE04EC0-301F-11D3-BF4B-00C04F79EFBC}") = "App.Tests", "Risk.Tests\App.Tests.csproj", "{52835EA2-6EAD-4465-B756-B61202E4156E}"
EndProject
Global
	GlobalSection(SolutionConfigurationPlatforms) = preSolution
		Debug|Any CPU = Debug|Any CPU
		Release|Any CPU = Release|Any CPU
	EndGlobalSection
	GlobalSection(ProjectConfigurationPlatforms) = postSolution
		{AEBEBD7C-5C3A-4578-A5D3-A1A58313D6DA}.Debug|Any CPU.ActiveCfg = Debug|Any CPU
		{AEBEBD7C-5C3A-4578-A5D3-A1A58313D6DA}.Debug|Any CPU.Build.0 = Debug|Any CPU
		{AEBEBD7C-5C3A-4578-A5D3-A1A58313D6DA}.Release|Any CPU.ActiveCfg = Release|Any CPU
		{AEBEBD7C-5C3A-4578-A5D3-A1A58313D6DA}.Release|Any CPU.Build.0 = Release|Any CPU
		{9E439DB5-0474-4EA1-93F2-ADD10B3B83F5}.Debug|Any CPU.ActiveCfg = Debug|Any CPU
		{9E439DB5-0474-4EA1-93F2-ADD10B3B83F5}.Debug|Any CPU.Build.0 = Debug|Any CPU
		{9E439DB5-0474-4EA1-93F2-ADD10B3B83F5}.Release|Any CPU.ActiveCfg = Release|Any CPU
		{9E439DB5-0474-4EA1-93F2-ADD10B3B83F5}.Release|Any CPU.Build.0 = Release|Any CPU
		{52835EA2-6EAD-4465-B756-B61202E4156E}.Debug|Any CPU.ActiveCfg = Debug|Any CPU
		{52835EA2-6EAD-4465-B756-B61202E4156E}.Debug|Any CPU.Build.0 = Debug|Any CPU
		{52835EA2-6EAD-4465-B756-B61202E4156E}.Release|Any CPU.ActiveCfg = Release|Any CPU
		{52835EA2-6EAD-4465-B756-B61202E4156E}.Release|Any CPU.Build.0 = Release|Any CPU
	EndGlobalSection
	GlobalSection(SolutionProperties) = preSolution
		HideSolutionNode = FALSE
	EndGlobalSection
	GlobalSection(ExtensibilityGlobals) = postSolution
		SolutionGuid = {23A8AA0A-3CD3-48D1-A432-85E7D2EAFB70}
	EndGlobalSection
EndGlobal
